
Microsoft Visual Studio Solution File, Format Version 12.00
# Visual Studio Version 17
VisualStudioVersion = 17.10.34928.147
MinimumVisualStudioVersion = 10.0.40219.1
Project("{FAE04EC0-301F-11D3-BF4B-00C04F79EFBC}") = "Palindrome", "Palindrome\Palindrome.csproj", "{935C7078-49F0-4300-83B3-6BED42AE2500}"
EndProject
Global
	GlobalSection(SolutionConfigurationPlatforms) = preSolution
		Debug|Any CPU = Debug|Any CPU
		Release|Any CPU = Release|Any CPU
	EndGlobalSection
	GlobalSection(ProjectConfigurationPlatforms) = postSolution
		{935C7078-49F0-4300-83B3-6BED42AE2500}.Debug|Any CPU.ActiveCfg = Debug|Any CPU
		{935C7078-49F0-4300-83B3-6BED42AE2500}.Debug|Any CPU.Build.0 = Debug|Any CPU
		{935C7078-49F0-4300-83B3-6BED42AE2500}.Release|Any CPU.ActiveCfg = Release|Any CPU
		{935C7078-49F0-4300-83B3-6BED42AE2500}.Release|Any CPU.Build.0 = Release|Any CPU
	EndGlobalSection
	GlobalSection(SolutionProperties) = preSolution
		HideSolutionNode = FALSE
	EndGlobalSection
	GlobalSection(ExtensibilityGlobals) = postSolution
		SolutionGuid = {C770DC18-0134-4641-B7F5-07459E29550E}
	EndGlobalSection
EndGlobal
