
Microsoft Visual Studio Solution File, Format Version 12.00
# Visual Studio Version 17
VisualStudioVersion = 17.10.34928.147
MinimumVisualStudioVersion = 10.0.40219.1
Project("{FAE04EC0-301F-11D3-BF4B-00C04F79EFBC}") = "SuperBazaar", "SuperBazaar\SuperBazaar.csproj", "{9F296B51-D874-41D7-BAE8-5335CDECFDB4}"
EndProject
Global
	GlobalSection(SolutionConfigurationPlatforms) = preSolution
		Debug|Any CPU = Debug|Any CPU
		Release|Any CPU = Release|Any CPU
	EndGlobalSection
	GlobalSection(ProjectConfigurationPlatforms) = postSolution
		{9F296B51-D874-41D7-BAE8-5335CDECFDB4}.Debug|Any CPU.ActiveCfg = Debug|Any CPU
		{9F296B51-D874-41D7-BAE8-5335CDECFDB4}.Debug|Any CPU.Build.0 = Debug|Any CPU
		{9F296B51-D874-41D7-BAE8-5335CDECFDB4}.Release|Any CPU.ActiveCfg = Release|Any CPU
		{9F296B51-D874-41D7-BAE8-5335CDECFDB4}.Release|Any CPU.Build.0 = Release|Any CPU
	EndGlobalSection
	GlobalSection(SolutionProperties) = preSolution
		HideSolutionNode = FALSE
	EndGlobalSection
	GlobalSection(ExtensibilityGlobals) = postSolution
		SolutionGuid = {A935F1E6-F8EC-4CFD-972A-D8D4D7803AEB}
	EndGlobalSection
EndGlobal
