
Microsoft Visual Studio Solution File, Format Version 12.00
# Visual Studio Version 17
VisualStudioVersion = 17.10.34928.147
MinimumVisualStudioVersion = 10.0.40219.1
Project("{FAE04EC0-301F-11D3-BF4B-00C04F79EFBC}") = "MatchBall", "MatchBall\MatchBall.csproj", "{FE1E0BE8-409F-43F3-BA7B-38C90CDEC682}"
EndProject
Global
	GlobalSection(SolutionConfigurationPlatforms) = preSolution
		Debug|Any CPU = Debug|Any CPU
		Release|Any CPU = Release|Any CPU
	EndGlobalSection
	GlobalSection(ProjectConfigurationPlatforms) = postSolution
		{FE1E0BE8-409F-43F3-BA7B-38C90CDEC682}.Debug|Any CPU.ActiveCfg = Debug|Any CPU
		{FE1E0BE8-409F-43F3-BA7B-38C90CDEC682}.Debug|Any CPU.Build.0 = Debug|Any CPU
		{FE1E0BE8-409F-43F3-BA7B-38C90CDEC682}.Release|Any CPU.ActiveCfg = Release|Any CPU
		{FE1E0BE8-409F-43F3-BA7B-38C90CDEC682}.Release|Any CPU.Build.0 = Release|Any CPU
	EndGlobalSection
	GlobalSection(SolutionProperties) = preSolution
		HideSolutionNode = FALSE
	EndGlobalSection
	GlobalSection(ExtensibilityGlobals) = postSolution
		SolutionGuid = {DE6EA7B9-CBA2-4715-B0CA-CD759F1C5C8A}
	EndGlobalSection
EndGlobal
